{
    "_readme": [
        "This file locks the dependencies of your project to a known state",
        "Read more about it at https://getcomposer.org/doc/01-basic-usage.md#installing-dependencies",
        "This file is @generated automatically"
    ],
    "content-hash": "93d8e4b7ee56ae26cefcac77243d085b",
    "packages": [
        {
            "name": "apache/thrift",
            "version": "v0.13.0",
            "source": {
                "type": "git",
                "url": "https://github.com/apache/thrift.git",
                "reference": "cecee50308fc7e6f77f55b3fd906c1c6c471fa2f"
            },
            "dist": {
                "type": "zip",
                "url": "https://api.github.com/repos/apache/thrift/zipball/cecee50308fc7e6f77f55b3fd906c1c6c471fa2f",
                "reference": "cecee50308fc7e6f77f55b3fd906c1c6c471fa2f",
                "shasum": "",
                "mirrors": [
                    {
                        "url": "https://mirrors.aliyun.com/composer/dists/%package%/%reference%.%type%",
                        "preferred": true
                    }
                ]
            },
            "require": {
                "php": "^5.5 || ^7.0"
            },
            "require-dev": {
                "phpunit/phpunit": "~4.8.36",
                "squizlabs/php_codesniffer": "3.*"
            },
            "type": "library",
            "extra": {
                "branch-alias": {
                    "dev-master": "1.0.x-dev"
                }
            },
            "autoload": {
                "psr-4": {
                    "Thrift\\": "lib/php/lib/"
                }
            },
            "notification-url": "https://packagist.org/downloads/",
            "license": [
                "Apache-2.0"
            ],
            "authors": [
                {
                    "name": "Apache Thrift Developers",
                    "email": "dev@thrift.apache.org",
                    "homepage": "http://thrift.apache.org"
                }
            ],
            "description": "Apache Thrift RPC system",
            "homepage": "http://thrift.apache.org",
            "keywords": [
                "rpc"
            ],
            "time": "2019-10-11T17:05:55+00:00"
        }
    ],
    "packages-dev": [],
    "aliases": [],
    "minimum-stability": "stable",
    "stability-flags": [],
    "prefer-stable": false,
    "prefer-lowest": false,
    "platform": {
        "php": "^5.5 || ^7.0"
    },
    "platform-dev": []
}
